
Microsoft Visual Studio Solution File, Format Version 12.00
# Visual Studio Version 17
VisualStudioVersion = 17.9.34616.47
MinimumVisualStudioVersion = 10.0.40219.1
Project("{FAE04EC0-301F-11D3-BF4B-00C04F79EFBC}") = "aplikasi_perpustakaan", "aplikasi_perpustakaan\aplikasi_perpustakaan.csproj", "{24FA8C9D-96FD-4081-8B79-ED953D4C8BE8}"
EndProject
Global
	GlobalSection(SolutionConfigurationPlatforms) = preSolution
		Debug|Any CPU = Debug|Any CPU
		Release|Any CPU = Release|Any CPU
	EndGlobalSection
	GlobalSection(ProjectConfigurationPlatforms) = postSolution
		{24FA8C9D-96FD-4081-8B79-ED953D4C8BE8}.Debug|Any CPU.ActiveCfg = Debug|Any CPU
		{24FA8C9D-96FD-4081-8B79-ED953D4C8BE8}.Debug|Any CPU.Build.0 = Debug|Any CPU
		{24FA8C9D-96FD-4081-8B79-ED953D4C8BE8}.Release|Any CPU.ActiveCfg = Release|Any CPU
		{24FA8C9D-96FD-4081-8B79-ED953D4C8BE8}.Release|Any CPU.Build.0 = Release|Any CPU
	EndGlobalSection
	GlobalSection(SolutionProperties) = preSolution
		HideSolutionNode = FALSE
	EndGlobalSection
	GlobalSection(ExtensibilityGlobals) = postSolution
		SolutionGuid = {4ED4A053-2A88-41B7-9C04-1033A79D0A48}
	EndGlobalSection
EndGlobal
